// !$*UTF8*$!
{
	archiveVersion = 1;
	classes = {
	};
	objectVersion = 46;
	objects = {

/* Begin PBXBuildFile section */
		291CCBE017F3E8B5005C029C /* Foundation.framework in Frameworks */ = {isa = PBXBuildFile; fileRef = 291CCBDF17F3E8B5005C029C /* Foundation.framework */; };
		291CCBE217F3E8B5005C029C /* CoreGraphics.framework in Frameworks */ = {isa = PBXBuildFile; fileRef = 291CCBE117F3E8B5005C029C /* CoreGraphics.framework */; };
		291CCBE417F3E8B5005C029C /* UIKit.framework in Frameworks */ = {isa = PBXBuildFile; fileRef = 291CCBE317F3E8B5005C029C /* UIKit.framework */; };
		291CCBEA17F3E8B5005C029C /* InfoPlist.strings in Resources */ = {isa = PBXBuildFile; fileRef = 291CCBE817F3E8B5005C029C /* InfoPlist.strings */; };
		291CCBEC17F3E8B5005C029C /* main.m in Sources */ = {isa = PBXBuildFile; fileRef = 291CCBEB17F3E8B5005C029C /* main.m */; };
		291CCBF017F3E8B5005C029C /* AppDelegate.m in Sources */ = {isa = PBXBuildFile; fileRef = 291CCBEF17F3E8B5005C029C /* AppDelegate.m */; };
		291CCBF217F3E8B5005C029C /* Images.xcassets in Resources */ = {isa = PBXBuildFile; fileRef = 291CCBF117F3E8B5005C029C /* Images.xcassets */; };
		291CCBF917F3E8B5005C029C /* XCTest.framework in Frameworks */ = {isa = PBXBuildFile; fileRef = 291CCBF817F3E8B5005C029C /* XCTest.framework */; };
		291CCBFA17F3E8B5005C029C /* Foundation.framework in Frameworks */ = {isa = PBXBuildFile; fileRef = 291CCBDF17F3E8B5005C029C /* Foundation.framework */; };
		291CCBFB17F3E8B5005C029C /* UIKit.framework in Frameworks */ = {isa = PBXBuildFile; fileRef = 291CCBE317F3E8B5005C029C /* UIKit.framework */; };
		291CCC0317F3E8B5005C029C /* InfoPlist.strings in Resources */ = {isa = PBXBuildFile; fileRef = 291CCC0117F3E8B5005C029C /* InfoPlist.strings */; };
		291CCC0517F3E8B5005C029C /* __Tests.m in Sources */ = {isa = PBXBuildFile; fileRef = 291CCC0417F3E8B5005C029C /* __Tests.m */; };
/* End PBXBuildFile section */

/* Begin PBXContainerItemProxy section */
		291CCBFC17F3E8B5005C029C /* PBXContainerItemProxy */ = {
			isa = PBXContainerItemProxy;
			containerPortal = 291CCBD417F3E8B5005C029C /* Project object */;
			proxyType = 1;
			remoteGlobalIDString = 291CCBDB17F3E8B5005C029C;
			remoteInfo = "舟桥";
		};
/* End PBXContainerItemProxy section */

/* Begin PBXFileReference section */
		291CCBDC17F3E8B5005C029C /* 舟桥.app */ = {isa = PBXFileReference; explicitFileType = wrapper.application; includeInIndex = 0; path = "舟桥.app"; sourceTree = BUILT_PRODUCTS_DIR; };
		291CCBDF17F3E8B5005C029C /* Foundation.framework */ = {isa = PBXFileReference; lastKnownFileType = wrapper.framework; name = Foundation.framework; path = System/Library/Frameworks/Foundation.framework; sourceTree = SDKROOT; };
		291CCBE117F3E8B5005C029C /* CoreGraphics.framework */ = {isa = PBXFileReference; lastKnownFileType = wrapper.framework; name = CoreGraphics.framework; path = System/Library/Frameworks/CoreGraphics.framework; sourceTree = SDKROOT; };
		291CCBE317F3E8B5005C029C /* UIKit.framework */ = {isa = PBXFileReference; lastKnownFileType = wrapper.framework; name = UIKit.framework; path = System/Library/Frameworks/UIKit.framework; sourceTree = SDKROOT; };
		291CCBE717F3E8B5005C029C /* 舟桥-Info.plist */ = {isa = PBXFileReference; lastKnownFileType = text.plist.xml; path = "舟桥-Info.plist"; sourceTree = "<group>"; };
		291CCBE917F3E8B5005C029C /* en */ = {isa = PBXFileReference; lastKnownFileType = text.plist.strings; name = en; path = en.lproj/InfoPlist.strings; sourceTree = "<group>"; };
		291CCBEB17F3E8B5005C029C /* main.m */ = {isa = PBXFileReference; lastKnownFileType = sourcecode.c.objc; path = main.m; sourceTree = "<group>"; };
		291CCBED17F3E8B5005C029C /* 舟桥-Prefix.pch */ = {isa = PBXFileReference; lastKnownFileType = sourcecode.c.h; path = "舟桥-Prefix.pch"; sourceTree = "<group>"; };
		291CCBEE17F3E8B5005C029C /* AppDelegate.h */ = {isa = PBXFileReference; lastKnownFileType = sourcecode.c.h; path = AppDelegate.h; sourceTree = "<group>"; };
		291CCBEF17F3E8B5005C029C /* AppDelegate.m */ = {isa = PBXFileReference; lastKnownFileType = sourcecode.c.objc; path = AppDelegate.m; sourceTree = "<group>"; };
		291CCBF117F3E8B5005C029C /* Images.xcassets */ = {isa = PBXFileReference; lastKnownFileType = folder.assetcatalog; path = Images.xcassets; sourceTree = "<group>"; };
		291CCBF717F3E8B5005C029C /* 舟桥Tests.xctest */ = {isa = PBXFileReference; explicitFileType = wrapper.cfbundle; includeInIndex = 0; path = "舟桥Tests.xctest"; sourceTree = BUILT_PRODUCTS_DIR; };
		291CCBF817F3E8B5005C029C /* XCTest.framework */ = {isa = PBXFileReference; lastKnownFileType = wrapper.framework; name = XCTest.framework; path = Library/Frameworks/XCTest.framework; sourceTree = DEVELOPER_DIR; };
		291CCC0017F3E8B5005C029C /* 舟桥Tests-Info.plist */ = {isa = PBXFileReference; lastKnownFileType = text.plist.xml; path = "舟桥Tests-Info.plist"; sourceTree = "<group>"; };
		291CCC0217F3E8B5005C029C /* en */ = {isa = PBXFileReference; lastKnownFileType = text.plist.strings; name = en; path = en.lproj/InfoPlist.strings; sourceTree = "<group>"; };
		291CCC0417F3E8B5005C029C /* __Tests.m */ = {isa = PBXFileReference; lastKnownFileType = sourcecode.c.objc; path = __Tests.m; sourceTree = "<group>"; };
/* End PBXFileReference section */

/* Begin PBXFrameworksBuildPhase section */
		291CCBD917F3E8B5005C029C /* Frameworks */ = {
			isa = PBXFrameworksBuildPhase;
			buildActionMask = 2147483647;
			files = (
				291CCBE217F3E8B5005C029C /* CoreGraphics.framework in Frameworks */,
				291CCBE417F3E8B5005C029C /* UIKit.framework in Frameworks */,
				291CCBE017F3E8B5005C029C /* Foundation.framework in Frameworks */,
			);
			runOnlyForDeploymentPostprocessing = 0;
		};
		291CCBF417F3E8B5005C029C /* Frameworks */ = {
			isa = PBXFrameworksBuildPhase;
			buildActionMask = 2147483647;
			files = (
				291CCBF917F3E8B5005C029C /* XCTest.framework in Frameworks */,
				291CCBFB17F3E8B5005C029C /* UIKit.framework in Frameworks */,
				291CCBFA17F3E8B5005C029C /* Foundation.framework in Frameworks */,
			);
			runOnlyForDeploymentPostprocessing = 0;
		};
/* End PBXFrameworksBuildPhase section */

/* Begin PBXGroup section */
		291CCBD317F3E8B5005C029C = {
			isa = PBXGroup;
			children = (
				291CCBE517F3E8B5005C029C /* 舟桥 */,
				291CCBFE17F3E8B5005C029C /* 舟桥Tests */,
				291CCBDE17F3E8B5005C029C /* Frameworks */,
				291CCBDD17F3E8B5005C029C /* Products */,
			);
			sourceTree = "<group>";
		};
		291CCBDD17F3E8B5005C029C /* Products */ = {
			isa = PBXGroup;
			children = (
				291CCBDC17F3E8B5005C029C /* 舟桥.app */,
				291CCBF717F3E8B5005C029C /* 舟桥Tests.xctest */,
			);
			name = Products;
			sourceTree = "<group>";
		};
		291CCBDE17F3E8B5005C029C /* Frameworks */ = {
			isa = PBXGroup;
			children = (
				291CCBDF17F3E8B5005C029C /* Foundation.framework */,
				291CCBE117F3E8B5005C029C /* CoreGraphics.framework */,
				291CCBE317F3E8B5005C029C /* UIKit.framework */,
				291CCBF817F3E8B5005C029C /* XCTest.framework */,
			);
			name = Frameworks;
			sourceTree = "<group>";
		};
		291CCBE517F3E8B5005C029C /* 舟桥 */ = {
			isa = PBXGroup;
			children = (
				291CCBEE17F3E8B5005C029C /* AppDelegate.h */,
				291CCBEF17F3E8B5005C029C /* AppDelegate.m */,
				291CCBF117F3E8B5005C029C /* Images.xcassets */,
				291CCBE617F3E8B5005C029C /* Supporting Files */,
			);
			path = "舟桥";
			sourceTree = "<group>";
		};
		291CCBE617F3E8B5005C029C /* Supporting Files */ = {
			isa = PBXGroup;
			children = (
				291CCBE717F3E8B5005C029C /* 舟桥-Info.plist */,
				291CCBE817F3E8B5005C029C /* InfoPlist.strings */,
				291CCBEB17F3E8B5005C029C /* main.m */,
				291CCBED17F3E8B5005C029C /* 舟桥-Prefix.pch */,
			);
			name = "Supporting Files";
			sourceTree = "<group>";
		};
		291CCBFE17F3E8B5005C029C /* 舟桥Tests */ = {
			isa = PBXGroup;
			children = (
				291CCC0417F3E8B5005C029C /* __Tests.m */,
				291CCBFF17F3E8B5005C029C /* Supporting Files */,
			);
			path = "舟桥Tests";
			sourceTree = "<group>";
		};
		291CCBFF17F3E8B5005C029C /* Supporting Files */ = {
			isa = PBXGroup;
			children = (
				291CCC0017F3E8B5005C029C /* 舟桥Tests-Info.plist */,
				291CCC0117F3E8B5005C029C /* InfoPlist.strings */,
			);
			name = "Supporting Files";
			sourceTree = "<group>";
		};
/* End PBXGroup section */

/* Begin PBXNativeTarget section */
		291CCBDB17F3E8B5005C029C /* 舟桥 */ = {
			isa = PBXNativeTarget;
			buildConfigurationList = 291CCC0817F3E8B5005C029C /* Build configuration list for PBXNativeTarget "舟桥" */;
			buildPhases = (
				291CCBD817F3E8B5005C029C /* Sources */,
				291CCBD917F3E8B5005C029C /* Frameworks */,
				291CCBDA17F3E8B5005C029C /* Resources */,
			);
			buildRules = (
			);
			dependencies = (
			);
			name = "舟桥";
			productName = "舟桥";
			productReference = 291CCBDC17F3E8B5005C029C /* 舟桥.app */;
			productType = "com.apple.product-type.application";
		};
		291CCBF617F3E8B5005C029C /* 舟桥Tests */ = {
			isa = PBXNativeTarget;
			buildConfigurationList = 291CCC0B17F3E8B5005C029C /* Build configuration list for PBXNativeTarget "舟桥Tests" */;
			buildPhases = (
				291CCBF317F3E8B5005C029C /* Sources */,
				291CCBF417F3E8B5005C029C /* Frameworks */,
				291CCBF517F3E8B5005C029C /* Resources */,
			);
			buildRules = (
			);
			dependencies = (
				291CCBFD17F3E8B5005C029C /* PBXTargetDependency */,
			);
			name = "舟桥Tests";
			productName = "舟桥Tests";
			productReference = 291CCBF717F3E8B5005C029C /* 舟桥Tests.xctest */;
			productType = "com.apple.product-type.bundle.unit-test";
		};
/* End PBXNativeTarget section */

/* Begin PBXProject section */
		291CCBD417F3E8B5005C029C /* Project object */ = {
			isa = PBXProject;
			attributes = {
				LastUpgradeCheck = 0500;
				ORGANIZATIONNAME = fengyongning;
				TargetAttributes = {
					291CCBF617F3E8B5005C029C = {
						TestTargetID = 291CCBDB17F3E8B5005C029C;
					};
				};
			};
			buildConfigurationList = 291CCBD717F3E8B5005C029C /* Build configuration list for PBXProject "舟桥" */;
			compatibilityVersion = "Xcode 3.2";
			developmentRegion = English;
			hasScannedForEncodings = 0;
			knownRegions = (
				en,
			);
			mainGroup = 291CCBD317F3E8B5005C029C;
			productRefGroup = 291CCBDD17F3E8B5005C029C /* Products */;
			projectDirPath = "";
			projectRoot = "";
			targets = (
				291CCBDB17F3E8B5005C029C /* 舟桥 */,
				291CCBF617F3E8B5005C029C /* 舟桥Tests */,
			);
		};
/* End PBXProject section */

/* Begin PBXResourcesBuildPhase section */
		291CCBDA17F3E8B5005C029C /* Resources */ = {
			isa = PBXResourcesBuildPhase;
			buildActionMask = 2147483647;
			files = (
				291CCBEA17F3E8B5005C029C /* InfoPlist.strings in Resources */,
				291CCBF217F3E8B5005C029C /* Images.xcassets in Resources */,
			);
			runOnlyForDeploymentPostprocessing = 0;
		};
		291CCBF517F3E8B5005C029C /* Resources */ = {
			isa = PBXResourcesBuildPhase;
			buildActionMask = 2147483647;
			files = (
				291CCC0317F3E8B5005C029C /* InfoPlist.strings in Resources */,
			);
			runOnlyForDeploymentPostprocessing = 0;
		};
/* End PBXResourcesBuildPhase section */

/* Begin PBXSourcesBuildPhase section */
		291CCBD817F3E8B5005C029C /* Sources */ = {
			isa = PBXSourcesBuildPhase;
			buildActionMask = 2147483647;
			files = (
				291CCBF017F3E8B5005C029C /* AppDelegate.m in Sources */,
				291CCBEC17F3E8B5005C029C /* main.m in Sources */,
			);
			runOnlyForDeploymentPostprocessing = 0;
		};
		291CCBF317F3E8B5005C029C /* Sources */ = {
			isa = PBXSourcesBuildPhase;
			buildActionMask = 2147483647;
			files = (
				291CCC0517F3E8B5005C029C /* __Tests.m in Sources */,
			);
			runOnlyForDeploymentPostprocessing = 0;
		};
/* End PBXSourcesBuildPhase section */

/* Begin PBXTargetDependency section */
		291CCBFD17F3E8B5005C029C /* PBXTargetDependency */ = {
			isa = PBXTargetDependency;
			target = 291CCBDB17F3E8B5005C029C /* 舟桥 */;
			targetProxy = 291CCBFC17F3E8B5005C029C /* PBXContainerItemProxy */;
		};
/* End PBXTargetDependency section */

/* Begin PBXVariantGroup section */
		291CCBE817F3E8B5005C029C /* InfoPlist.strings */ = {
			isa = PBXVariantGroup;
			children = (
				291CCBE917F3E8B5005C029C /* en */,
			);
			name = InfoPlist.strings;
			sourceTree = "<group>";
		};
		291CCC0117F3E8B5005C029C /* InfoPlist.strings */ = {
			isa = PBXVariantGroup;
			children = (
				291CCC0217F3E8B5005C029C /* en */,
			);
			name = InfoPlist.strings;
			sourceTree = "<group>";
		};
/* End PBXVariantGroup section */

/* Begin XCBuildConfiguration section */
		291CCC0617F3E8B5005C029C /* Debug */ = {
			isa = XCBuildConfiguration;
			buildSettings = {
				ALWAYS_SEARCH_USER_PATHS = NO;
				ARCHS = "$(ARCHS_STANDARD_INCLUDING_64_BIT)";
				CLANG_CXX_LANGUAGE_STANDARD = "gnu++0x";
				CLANG_CXX_LIBRARY = "libc++";
				CLANG_ENABLE_MODULES = YES;
				CLANG_ENABLE_OBJC_ARC = YES;
				CLANG_WARN_BOOL_CONVERSION = YES;
				CLANG_WARN_CONSTANT_CONVERSION = YES;
				CLANG_WARN_DIRECT_OBJC_ISA_USAGE = YES_ERROR;
				CLANG_WARN_EMPTY_BODY = YES;
				CLANG_WARN_ENUM_CONVERSION = YES;
				CLANG_WARN_INT_CONVERSION = YES;
				CLANG_WARN_OBJC_ROOT_CLASS = YES_ERROR;
				CLANG_WARN__DUPLICATE_METHOD_MATCH = YES;
				"CODE_SIGN_IDENTITY[sdk=iphoneos*]" = "iPhone Developer";
				COPY_PHASE_STRIP = NO;
				GCC_C_LANGUAGE_STANDARD = gnu99;
				GCC_DYNAMIC_NO_PIC = NO;
				GCC_OPTIMIZATION_LEVEL = 0;
				GCC_PREPROCESSOR_DEFINITIONS = (
					"DEBUG=1",
					"$(inherited)",
				);
				GCC_SYMBOLS_PRIVATE_EXTERN = NO;
				GCC_WARN_64_TO_32_BIT_CONVERSION = YES;
				GCC_WARN_ABOUT_RETURN_TYPE = YES_ERROR;
				GCC_WARN_UNDECLARED_SELECTOR = YES;
				GCC_WARN_UNINITIALIZED_AUTOS = YES;
				GCC_WARN_UNUSED_FUNCTION = YES;
				GCC_WARN_UNUSED_VARIABLE = YES;
				IPHONEOS_DEPLOYMENT_TARGET = 7.0;
				ONLY_ACTIVE_ARCH = YES;
				SDKROOT = iphoneos;
			};
			name = Debug;
		};
		291CCC0717F3E8B5005C029C /* Release */ = {
			isa = XCBuildConfiguration;
			buildSettings = {
				ALWAYS_SEARCH_USER_PATHS = NO;
				ARCHS = "$(ARCHS_STANDARD_INCLUDING_64_BIT)";
				CLANG_CXX_LANGUAGE_STANDARD = "gnu++0x";
				CLANG_CXX_LIBRARY = "libc++";
				CLANG_ENABLE_MODULES = YES;
				CLANG_ENABLE_OBJC_ARC = YES;
				CLANG_WARN_BOOL_CONVERSION = YES;
				CLANG_WARN_CONSTANT_CONVERSION = YES;
				CLANG_WARN_DIRECT_OBJC_ISA_USAGE = YES_ERROR;
				CLANG_WARN_EMPTY_BODY = YES;
				CLANG_WARN_ENUM_CONVERSION = YES;
				CLANG_WARN_INT_CONVERSION = YES;
				CLANG_WARN_OBJC_ROOT_CLASS = YES_ERROR;
				CLANG_WARN__DUPLICATE_METHOD_MATCH = YES;
				"CODE_SIGN_IDENTITY[sdk=iphoneos*]" = "iPhone Developer";
				COPY_PHASE_STRIP = YES;
				ENABLE_NS_ASSERTIONS = NO;
				GCC_C_LANGUAGE_STANDARD = gnu99;
				GCC_WARN_64_TO_32_BIT_CONVERSION = YES;
				GCC_WARN_ABOUT_RETURN_TYPE = YES_ERROR;
				GCC_WARN_UNDECLARED_SELECTOR = YES;
				GCC_WARN_UNINITIALIZED_AUTOS = YES;
				GCC_WARN_UNUSED_FUNCTION = YES;
				GCC_WARN_UNUSED_VARIABLE = YES;
				IPHONEOS_DEPLOYMENT_TARGET = 7.0;
				SDKROOT = iphoneos;
				VALIDATE_PRODUCT = YES;
			};
			name = Release;
		};
		291CCC0917F3E8B5005C029C /* Debug */ = {
			isa = XCBuildConfiguration;
			buildSettings = {
				ASSETCATALOG_COMPILER_APPICON_NAME = AppIcon;
				ASSETCATALOG_COMPILER_LAUNCHIMAGE_NAME = LaunchImage;
				GCC_PRECOMPILE_PREFIX_HEADER = YES;
				GCC_PREFIX_HEADER = "舟桥/舟桥-Prefix.pch";
				INFOPLIST_FILE = "舟桥/舟桥-Info.plist";
				PRODUCT_NAME = "$(TARGET_NAME)";
				WRAPPER_EXTENSION = app;
			};
			name = Debug;
		};
		291CCC0A17F3E8B5005C029C /* Release */ = {
			isa = XCBuildConfiguration;
			buildSettings = {
				ASSETCATALOG_COMPILER_APPICON_NAME = AppIcon;
				ASSETCATALOG_COMPILER_LAUNCHIMAGE_NAME = LaunchImage;
				GCC_PRECOMPILE_PREFIX_HEADER = YES;
				GCC_PREFIX_HEADER = "舟桥/舟桥-Prefix.pch";
				INFOPLIST_FILE = "舟桥/舟桥-Info.plist";
				PRODUCT_NAME = "$(TARGET_NAME)";
				WRAPPER_EXTENSION = app;
			};
			name = Release;
		};
		291CCC0C17F3E8B5005C029C /* Debug */ = {
			isa = XCBuildConfiguration;
			buildSettings = {
				ARCHS = "$(ARCHS_STANDARD_INCLUDING_64_BIT)";
				BUNDLE_LOADER = "$(BUILT_PRODUCTS_DIR)/舟桥.app/舟桥";
				FRAMEWORK_SEARCH_PATHS = (
					"$(SDKROOT)/Developer/Library/Frameworks",
					"$(inherited)",
					"$(DEVELOPER_FRAMEWORKS_DIR)",
				);
				GCC_PRECOMPILE_PREFIX_HEADER = YES;
				GCC_PREFIX_HEADER = "舟桥/舟桥-Prefix.pch";
				GCC_PREPROCESSOR_DEFINITIONS = (
					"DEBUG=1",
					"$(inherited)",
				);
				INFOPLIST_FILE = "舟桥Tests/舟桥Tests-Info.plist";
				PRODUCT_NAME = "$(TARGET_NAME)";
				TEST_HOST = "$(BUNDLE_LOADER)";
				WRAPPER_EXTENSION = xctest;
			};
			name = Debug;
		};
		291CCC0D17F3E8B5005C029C /* Release */ = {
			isa = XCBuildConfiguration;
			buildSettings = {
				ARCHS = "$(ARCHS_STANDARD_INCLUDING_64_BIT)";
				BUNDLE_LOADER = "$(BUILT_PRODUCTS_DIR)/舟桥.app/舟桥";
				FRAMEWORK_SEARCH_PATHS = (
					"$(SDKROOT)/Developer/Library/Frameworks",
					"$(inherited)",
					"$(DEVELOPER_FRAMEWORKS_DIR)",
				);
				GCC_PRECOMPILE_PREFIX_HEADER = YES;
				GCC_PREFIX_HEADER = "舟桥/舟桥-Prefix.pch";
				INFOPLIST_FILE = "舟桥Tests/舟桥Tests-Info.plist";
				PRODUCT_NAME = "$(TARGET_NAME)";
				TEST_HOST = "$(BUNDLE_LOADER)";
				WRAPPER_EXTENSION = xctest;
			};
			name = Release;
		};
/* End XCBuildConfiguration section */

/* Begin XCConfigurationList section */
		291CCBD717F3E8B5005C029C /* Build configuration list for PBXProject "舟桥" */ = {
			isa = XCConfigurationList;
			buildConfigurations = (
				291CCC0617F3E8B5005C029C /* Debug */,
				291CCC0717F3E8B5005C029C /* Release */,
			);
			defaultConfigurationIsVisible = 0;
			defaultConfigurationName = Release;
		};
		291CCC0817F3E8B5005C029C /* Build configuration list for PBXNativeTarget "舟桥" */ = {
			isa = XCConfigurationList;
			buildConfigurations = (
				291CCC0917F3E8B5005C029C /* Debug */,
				291CCC0A17F3E8B5005C029C /* Release */,
			);
			defaultConfigurationIsVisible = 0;
		};
		291CCC0B17F3E8B5005C029C /* Build configuration list for PBXNativeTarget "舟桥Tests" */ = {
			isa = XCConfigurationList;
			buildConfigurations = (
				291CCC0C17F3E8B5005C029C /* Debug */,
				291CCC0D17F3E8B5005C029C /* Release */,
			);
			defaultConfigurationIsVisible = 0;
		};
/* End XCConfigurationList section */
	};
	rootObject = 291CCBD417F3E8B5005C029C /* Project object */;
}
